
Microsoft Visual Studio Solution File, Format Version 12.00
# Visual Studio Version 16
VisualStudioVersion = 16.0.29609.76
MinimumVisualStudioVersion = 10.0.40219.1
Project("{FAE04EC0-301F-11D3-BF4B-00C04F79EFBC}") = "Tamtom.API", "Tamtom.API\Tamtom.API.csproj", "{A663D668-A678-4B60-A016-5ACF39FA33DD}"
EndProject
Global
	GlobalSection(SolutionConfigurationPlatforms) = preSolution
		Debug|Any CPU = Debug|Any CPU
		Release|Any CPU = Release|Any CPU
	EndGlobalSection
	GlobalSection(ProjectConfigurationPlatforms) = postSolution
		{A663D668-A678-4B60-A016-5ACF39FA33DD}.Debug|Any CPU.ActiveCfg = Debug|Any CPU
		{A663D668-A678-4B60-A016-5ACF39FA33DD}.Debug|Any CPU.Build.0 = Debug|Any CPU
		{A663D668-A678-4B60-A016-5ACF39FA33DD}.Release|Any CPU.ActiveCfg = Release|Any CPU
		{A663D668-A678-4B60-A016-5ACF39FA33DD}.Release|Any CPU.Build.0 = Release|Any CPU
	EndGlobalSection
	GlobalSection(SolutionProperties) = preSolution
		HideSolutionNode = FALSE
	EndGlobalSection
	GlobalSection(ExtensibilityGlobals) = postSolution
		SolutionGuid = {006698BB-188A-4069-8825-1F0EFCDCF631}
	EndGlobalSection
EndGlobal
